
Microsoft Visual Studio Solution File, Format Version 12.00
# Visual Studio 15
VisualStudioVersion = 15.0.27428.2043
MinimumVisualStudioVersion = 10.0.40219.1
Project("{2150E333-8FDC-42A3-9474-1A3956D46DE8}") = "Solution Items", "Solution Items", "{78A3599B-8EAA-439D-865A-C7C8A3294972}"
	ProjectSection(SolutionItems) = preProject
		.gitignore = .gitignore
		README.md = README.md
	EndProjectSection
EndProject
Project("{00D1A9C2-B5F0-4AF3-8072-F6C62B433612}") = "roncli.com SQL", "roncli.com SQL\roncli.com SQL.sqlproj", "{018C5E73-AF27-4217-9115-5820426FF2E8}"
EndProject
Project("{9092AA53-FB77-4645-B42D-1CCCA6BD08BD}") = "roncli.com", "roncli.com\roncli.com.njsproj", "{2858679A-63B5-4963-ACA8-F09AC5F819AD}"
EndProject
Project("{9092AA53-FB77-4645-B42D-1CCCA6BD08BD}") = "ronc.li", "ronc.li\ronc.li.njsproj", "{90C6F2B1-875C-4AA1-87A8-C3FBDD3A0F55}"
EndProject
Global
	GlobalSection(SolutionConfigurationPlatforms) = preSolution
		Debug|Any CPU = Debug|Any CPU
		Release|Any CPU = Release|Any CPU
	EndGlobalSection
	GlobalSection(ProjectConfigurationPlatforms) = postSolution
		{018C5E73-AF27-4217-9115-5820426FF2E8}.Debug|Any CPU.ActiveCfg = Debug|Any CPU
		{018C5E73-AF27-4217-9115-5820426FF2E8}.Debug|Any CPU.Build.0 = Debug|Any CPU
		{018C5E73-AF27-4217-9115-5820426FF2E8}.Debug|Any CPU.Deploy.0 = Debug|Any CPU
		{018C5E73-AF27-4217-9115-5820426FF2E8}.Release|Any CPU.ActiveCfg = Release|Any CPU
		{018C5E73-AF27-4217-9115-5820426FF2E8}.Release|Any CPU.Build.0 = Release|Any CPU
		{018C5E73-AF27-4217-9115-5820426FF2E8}.Release|Any CPU.Deploy.0 = Release|Any CPU
		{2858679A-63B5-4963-ACA8-F09AC5F819AD}.Debug|Any CPU.ActiveCfg = Debug|Any CPU
		{2858679A-63B5-4963-ACA8-F09AC5F819AD}.Debug|Any CPU.Build.0 = Debug|Any CPU
		{2858679A-63B5-4963-ACA8-F09AC5F819AD}.Release|Any CPU.ActiveCfg = Release|Any CPU
		{2858679A-63B5-4963-ACA8-F09AC5F819AD}.Release|Any CPU.Build.0 = Release|Any CPU
		{90C6F2B1-875C-4AA1-87A8-C3FBDD3A0F55}.Debug|Any CPU.ActiveCfg = Debug|Any CPU
		{90C6F2B1-875C-4AA1-87A8-C3FBDD3A0F55}.Debug|Any CPU.Build.0 = Debug|Any CPU
		{90C6F2B1-875C-4AA1-87A8-C3FBDD3A0F55}.Release|Any CPU.ActiveCfg = Release|Any CPU
		{90C6F2B1-875C-4AA1-87A8-C3FBDD3A0F55}.Release|Any CPU.Build.0 = Release|Any CPU
	EndGlobalSection
	GlobalSection(SolutionProperties) = preSolution
		HideSolutionNode = FALSE
	EndGlobalSection
	GlobalSection(ExtensibilityGlobals) = postSolution
		SolutionGuid = {F5C90D71-DE39-4691-A9E1-227B004171FE}
	EndGlobalSection
EndGlobal
